github.com/TheTitanrain/w32 v0.0.0-20180517000239-4f5cfb03fabf h1:FPsprx82rdrX2jiKyS17BH6IrTmUBYqZa/CXT4uvb+I=
github.com/TheTitanrain/w32 v0.0.0-20180517000239-4f5cfb03fabf/go.mod h1:peYoMncQljjNS6tZwI9WVyQB3qZS6u79/N3mBOcnd3I=
github.com/TheTitanrain/w32 v0.0.0-20200114052255-2654d97dbd3d h1:2xp1BQbqcDDaikHnASWpVZRjibOxu7y9LhAv04whugI=
github.com/TheTitanrain/w32 v0.0.0-20200114052255-2654d97dbd3d/go.mod h1:peYoMncQljjNS6tZwI9WVyQB3qZS6u79/N3mBOcnd3I=
github.com/lachee/raylib-goplus v0.0.0-20200605081007-7ca39b8afc71 h1:H4fcwldyU7pQvzyR3fuNLe0Gs3f7yLg/lH7NorUTc7I=
github.com/lachee/raylib-goplus v0.0.0-20200605081007-7ca39b8afc71/go.mod h1:dBwvFApqhdnnQuWzvHZnvWph/zlTAHC3nd/Hy6yBE8U=
github.com/sqweek/dialog v0.0.0-20200911184034-8a3d98e8211d h1:Chay1rwJnXxI27H+pzu7P81BKf647un9GOoRPTdXN18=
github.com/sqweek/dialog v0.0.0-20200911184034-8a3d98e8211d/go.mod h1:/qNPSY91qTz/8TgHEMioAUc6q7+3SOybeKczHMXFcXw=
